apiVersion: vendir.k14s.io/v1alpha1
directories:
- contents:
  - git:
      commitTitle: 'Merge pull request #57 from jagguvarma15/feat/2026-content-gaps...'
      sha: 7420e28781af27a5f1a78e47da5dfdbeb0d2c2ff
      tags:
      - v0.2.330-41-g7420e28
    path: .
  path: vendored/blueprints
kind: LockConfig
